{
  "name": "nodecoin",
  "version": "1.0.0",
  "lockfileVersion": 2,
  "requires": true,
  "packages": {
    "": {
      "name": "nodecoin",
      "version": "1.0.0",
      "license": "ISC",
      "dependencies": {
        "crypto-js": "^4.1.1",
        "elliptic": "^6.5.4",
        "fs": "^0.0.1-security",
        "merkle": "^0.6.0",
        "random": "^3.0.6"
      }
    },
    "node_modules/bn.js": {
      "version": "4.12.0",
      "resolved": "https://registry.npmjs.org/bn.js/-/bn.js-4.12.0.tgz",
      "integrity": "sha512-c98Bf3tPniI+scsdk237ku1Dc3ujXQTSgyiPUDEOe7tRkhrqridvh8klBv0HCEso1OLOYcHuCv/cS6DNxKH+ZA=="
    },
    "node_modules/brorand": {
      "version": "1.1.0",
      "resolved": "https://registry.npmjs.org/brorand/-/brorand-1.1.0.tgz",
      "integrity": "sha1-EsJe/kCkXjwyPrhnWgoM5XsiNx8="
    },
    "node_modules/crypto-js": {
      "version": "4.1.1",
      "resolved": "https://registry.npmjs.org/crypto-js/-/crypto-js-4.1.1.tgz",
      "integrity": "sha512-o2JlM7ydqd3Qk9CA0L4NL6mTzU2sdx96a+oOfPu8Mkl/PK51vSyoi8/rQ8NknZtk44vq15lmhAj9CIAGwgeWKw=="
    },
    "node_modules/elliptic": {
      "version": "6.5.4",
      "resolved": "https://registry.npmjs.org/elliptic/-/elliptic-6.5.4.tgz",
      "integrity": "sha512-iLhC6ULemrljPZb+QutR5TQGB+pdW6KGD5RSegS+8sorOZT+rdQFbsQFJgvN3eRqNALqJer4oQ16YvJHlU8hzQ==",
      "dependencies": {
        "bn.js": "^4.11.9",
        "brorand": "^1.1.0",
        "hash.js": "^1.0.0",
        "hmac-drbg": "^1.0.1",
        "inherits": "^2.0.4",
        "minimalistic-assert": "^1.0.1",
        "minimalistic-crypto-utils": "^1.0.1"
      }
    },
    "node_modules/fs": {
      "version": "0.0.1-security",
      "resolved": "https://registry.npmjs.org/fs/-/fs-0.0.1-security.tgz",
      "integrity": "sha1-invTcYa23d84E/I4WLV+yq9eQdQ="
    },
    "node_modules/hash.js": {
      "version": "1.1.7",
      "resolved": "https://registry.npmjs.org/hash.js/-/hash.js-1.1.7.tgz",
      "integrity": "sha512-taOaskGt4z4SOANNseOviYDvjEJinIkRgmp7LbKP2YTTmVxWBl87s/uzK9r+44BclBSp2X7K1hqeNfz9JbBeXA==",
      "dependencies": {
        "inherits": "^2.0.3",
        "minimalistic-assert": "^1.0.1"
      }
    },
    "node_modules/hmac-drbg": {
      "version": "1.0.1",
      "resolved": "https://registry.npmjs.org/hmac-drbg/-/hmac-drbg-1.0.1.tgz",
      "integrity": "sha1-0nRXAQJabHdabFRXk+1QL8DGSaE=",
      "dependencies": {
        "hash.js": "^1.0.3",
        "minimalistic-assert": "^1.0.0",
        "minimalistic-crypto-utils": "^1.0.1"
      }
    },
    "node_modules/inherits": {
      "version": "2.0.4",
      "resolved": "https://registry.npmjs.org/inherits/-/inherits-2.0.4.tgz",
      "integrity": "sha512-k/vGaX4/Yla3WzyMCvTQOXYeIHvqOKtnqBduzTHpzpQZzAskKMhZ2K+EnBiSM9zGSoIFeMpXKxa4dYeZIQqewQ=="
    },
    "node_modules/merkle": {
      "version": "0.6.0",
      "resolved": "https://registry.npmjs.org/merkle/-/merkle-0.6.0.tgz",
      "integrity": "sha1-veM/ei/nu4IX3HiQVys645kHePM=",
      "dependencies": {
        "optimist": "0.6.1",
        "through": "2.3.6"
      },
      "bin": {
        "merkle": "bin/merkle"
      }
    },
    "node_modules/minimalistic-assert": {
      "version": "1.0.1",
      "resolved": "https://registry.npmjs.org/minimalistic-assert/-/minimalistic-assert-1.0.1.tgz",
      "integrity": "sha512-UtJcAD4yEaGtjPezWuO9wC4nwUnVH/8/Im3yEHQP4b67cXlD/Qr9hdITCU1xDbSEXg2XKNaP8jsReV7vQd00/A=="
    },
    "node_modules/minimalistic-crypto-utils": {
      "version": "1.0.1",
      "resolved": "https://registry.npmjs.org/minimalistic-crypto-utils/-/minimalistic-crypto-utils-1.0.1.tgz",
      "integrity": "sha1-9sAMHAsIIkblxNmd+4x8CDsrWCo="
    },
    "node_modules/minimist": {
      "version": "0.0.10",
      "resolved": "https://registry.npmjs.org/minimist/-/minimist-0.0.10.tgz",
      "integrity": "sha1-3j+YVD2/lggr5IrRoMfNqDYwHc8="
    },
    "node_modules/optimist": {
      "version": "0.6.1",
      "resolved": "https://registry.npmjs.org/optimist/-/optimist-0.6.1.tgz",
      "integrity": "sha1-2j6nRob6IaGaERwybpDrFaAZZoY=",
      "dependencies": {
        "minimist": "~0.0.1",
        "wordwrap": "~0.0.2"
      }
    },
    "node_modules/random": {
      "version": "3.0.6",
      "resolved": "https://registry.npmjs.org/random/-/random-3.0.6.tgz",
      "integrity": "sha512-B53pp/8eFBxULg6sfQgjjmy3vZ2CWVt0Nk4OgkSpvmAf3VXfcEUgGASbNWbXiTiExWe8hCIf5HlddNHzrte9jg==",
      "dependencies": {
        "seedrandom": "^3.0.5"
      },
      "engines": {
        "node": ">=10"
      }
    },
    "node_modules/seedrandom": {
      "version": "3.0.5",
      "resolved": "https://registry.npmjs.org/seedrandom/-/seedrandom-3.0.5.tgz",
      "integrity": "sha512-8OwmbklUNzwezjGInmZ+2clQmExQPvomqjL7LFqOYqtmuxRgQYqOD3mHaU+MvZn5FLUeVxVfQjwLZW/n/JFuqg=="
    },
    "node_modules/through": {
      "version": "2.3.6",
      "resolved": "https://registry.npmjs.org/through/-/through-2.3.6.tgz",
      "integrity": "sha1-JmgcD1JGcQIdTinffDa84tDs8ug="
    },
    "node_modules/wordwrap": {
      "version": "0.0.3",
      "resolved": "https://registry.npmjs.org/wordwrap/-/wordwrap-0.0.3.tgz",
      "integrity": "sha1-o9XabNXAvAAI03I0u68b7WMFkQc=",
      "engines": {
        "node": ">=0.4.0"
      }
    }
  },
  "dependencies": {
    "bn.js": {
      "version": "4.12.0",
      "resolved": "https://registry.npmjs.org/bn.js/-/bn.js-4.12.0.tgz",
      "integrity": "sha512-c98Bf3tPniI+scsdk237ku1Dc3ujXQTSgyiPUDEOe7tRkhrqridvh8klBv0HCEso1OLOYcHuCv/cS6DNxKH+ZA=="
    },
    "brorand": {
      "version": "1.1.0",
      "resolved": "https://registry.npmjs.org/brorand/-/brorand-1.1.0.tgz",
      "integrity": "sha1-EsJe/kCkXjwyPrhnWgoM5XsiNx8="
    },
    "crypto-js": {
      "version": "4.1.1",
      "resolved": "https://registry.npmjs.org/crypto-js/-/crypto-js-4.1.1.tgz",
      "integrity": "sha512-o2JlM7ydqd3Qk9CA0L4NL6mTzU2sdx96a+oOfPu8Mkl/PK51vSyoi8/rQ8NknZtk44vq15lmhAj9CIAGwgeWKw=="
    },
    "elliptic": {
      "version": "6.5.4",
      "resolved": "https://registry.npmjs.org/elliptic/-/elliptic-6.5.4.tgz",
      "integrity": "sha512-iLhC6ULemrljPZb+QutR5TQGB+pdW6KGD5RSegS+8sorOZT+rdQFbsQFJgvN3eRqNALqJer4oQ16YvJHlU8hzQ==",
      "requires": {
        "bn.js": "^4.11.9",
        "brorand": "^1.1.0",
        "hash.js": "^1.0.0",
        "hmac-drbg": "^1.0.1",
        "inherits": "^2.0.4",
        "minimalistic-assert": "^1.0.1",
        "minimalistic-crypto-utils": "^1.0.1"
      }
    },
    "fs": {
      "version": "0.0.1-security",
      "resolved": "https://registry.npmjs.org/fs/-/fs-0.0.1-security.tgz",
      "integrity": "sha1-invTcYa23d84E/I4WLV+yq9eQdQ="
    },
    "hash.js": {
      "version": "1.1.7",
      "resolved": "https://registry.npmjs.org/hash.js/-/hash.js-1.1.7.tgz",
      "integrity": "sha512-taOaskGt4z4SOANNseOviYDvjEJinIkRgmp7LbKP2YTTmVxWBl87s/uzK9r+44BclBSp2X7K1hqeNfz9JbBeXA==",
      "requires": {
        "inherits": "^2.0.3",
        "minimalistic-assert": "^1.0.1"
      }
    },
    "hmac-drbg": {
      "version": "1.0.1",
      "resolved": "https://registry.npmjs.org/hmac-drbg/-/hmac-drbg-1.0.1.tgz",
      "integrity": "sha1-0nRXAQJabHdabFRXk+1QL8DGSaE=",
      "requires": {
        "hash.js": "^1.0.3",
        "minimalistic-assert": "^1.0.0",
        "minimalistic-crypto-utils": "^1.0.1"
      }
    },
    "inherits": {
      "version": "2.0.4",
      "resolved": "https://registry.npmjs.org/inherits/-/inherits-2.0.4.tgz",
      "integrity": "sha512-k/vGaX4/Yla3WzyMCvTQOXYeIHvqOKtnqBduzTHpzpQZzAskKMhZ2K+EnBiSM9zGSoIFeMpXKxa4dYeZIQqewQ=="
    },
    "merkle": {
      "version": "0.6.0",
      "resolved": "https://registry.npmjs.org/merkle/-/merkle-0.6.0.tgz",
      "integrity": "sha1-veM/ei/nu4IX3HiQVys645kHePM=",
      "requires": {
        "optimist": "0.6.1",
        "through": "2.3.6"
      }
    },
    "minimalistic-assert": {
      "version": "1.0.1",
      "resolved": "https://registry.npmjs.org/minimalistic-assert/-/minimalistic-assert-1.0.1.tgz",
      "integrity": "sha512-UtJcAD4yEaGtjPezWuO9wC4nwUnVH/8/Im3yEHQP4b67cXlD/Qr9hdITCU1xDbSEXg2XKNaP8jsReV7vQd00/A=="
    },
    "minimalistic-crypto-utils": {
      "version": "1.0.1",
      "resolved": "https://registry.npmjs.org/minimalistic-crypto-utils/-/minimalistic-crypto-utils-1.0.1.tgz",
      "integrity": "sha1-9sAMHAsIIkblxNmd+4x8CDsrWCo="
    },
    "minimist": {
      "version": "0.0.10",
      "resolved": "https://registry.npmjs.org/minimist/-/minimist-0.0.10.tgz",
      "integrity": "sha1-3j+YVD2/lggr5IrRoMfNqDYwHc8="
    },
    "optimist": {
      "version": "0.6.1",
      "resolved": "https://registry.npmjs.org/optimist/-/optimist-0.6.1.tgz",
      "integrity": "sha1-2j6nRob6IaGaERwybpDrFaAZZoY=",
      "requires": {
        "minimist": "~0.0.1",
        "wordwrap": "~0.0.2"
      }
    },
    "random": {
      "version": "3.0.6",
      "resolved": "https://registry.npmjs.org/random/-/random-3.0.6.tgz",
      "integrity": "sha512-B53pp/8eFBxULg6sfQgjjmy3vZ2CWVt0Nk4OgkSpvmAf3VXfcEUgGASbNWbXiTiExWe8hCIf5HlddNHzrte9jg==",
      "requires": {
        "seedrandom": "^3.0.5"
      }
    },
    "seedrandom": {
      "version": "3.0.5",
      "resolved": "https://registry.npmjs.org/seedrandom/-/seedrandom-3.0.5.tgz",
      "integrity": "sha512-8OwmbklUNzwezjGInmZ+2clQmExQPvomqjL7LFqOYqtmuxRgQYqOD3mHaU+MvZn5FLUeVxVfQjwLZW/n/JFuqg=="
    },
    "through": {
      "version": "2.3.6",
      "resolved": "https://registry.npmjs.org/through/-/through-2.3.6.tgz",
      "integrity": "sha1-JmgcD1JGcQIdTinffDa84tDs8ug="
    },
    "wordwrap": {
      "version": "0.0.3",
      "resolved": "https://registry.npmjs.org/wordwrap/-/wordwrap-0.0.3.tgz",
      "integrity": "sha1-o9XabNXAvAAI03I0u68b7WMFkQc="
    }
  }
}
